
Microsoft Visual Studio Solution File, Format Version 12.00
# Visual Studio Version 16
VisualStudioVersion = 16.0.29509.3
MinimumVisualStudioVersion = 10.0.40219.1
Project("{FAE04EC0-301F-11D3-BF4B-00C04F79EFBC}") = "KV4S.AR.DMR.RB.AT.RoamingChannels", "KV4S.AR.DMR.RB.AT.RoamingChannels\KV4S.AR.DMR.RB.AT.RoamingChannels.csproj", "{19F05E41-7AE3-4002-A5D1-566F162C9CE7}"
EndProject
Global
	GlobalSection(SolutionConfigurationPlatforms) = preSolution
		Debug|Any CPU = Debug|Any CPU
		Release|Any CPU = Release|Any CPU
	EndGlobalSection
	GlobalSection(ProjectConfigurationPlatforms) = postSolution
		{19F05E41-7AE3-4002-A5D1-566F162C9CE7}.Debug|Any CPU.ActiveCfg = Debug|Any CPU
		{19F05E41-7AE3-4002-A5D1-566F162C9CE7}.Debug|Any CPU.Build.0 = Debug|Any CPU
		{19F05E41-7AE3-4002-A5D1-566F162C9CE7}.Release|Any CPU.ActiveCfg = Release|Any CPU
		{19F05E41-7AE3-4002-A5D1-566F162C9CE7}.Release|Any CPU.Build.0 = Release|Any CPU
	EndGlobalSection
	GlobalSection(SolutionProperties) = preSolution
		HideSolutionNode = FALSE
	EndGlobalSection
	GlobalSection(ExtensibilityGlobals) = postSolution
		SolutionGuid = {50885F5B-FAFD-4E5C-8065-E93D7438CC2E}
	EndGlobalSection
EndGlobal
